<?xml version="1.0" encoding="utf-8"?>
<Project ToolsVersion="4.0" xmlns="http://schemas.microsoft.com/developer/msbuild/2003">
  <ItemGroup>
    <Filter Include="src">
      <UniqueIdentifier>{87eafc81-71db-4411-bc01-b9c1b9f39e2f}</UniqueIdentifier>
    </Filter>
    <Filter Include="include">
      <UniqueIdentifier>{0a8c1bd7-3f5a-479c-a76c-5cc679395e7e}</UniqueIdentifier>
    </Filter>
  </ItemGroup>
  <ItemGroup>
    <ClCompile Include="..\..\src\AttributeGroup.cpp">
      <Filter>src</Filter>
    </ClCompile>
    <ClCompile Include="..\..\src\DeviceInfo.cpp">
      <Filter>src</Filter>
    </ClCompile>
    <ClCompile Include="..\..\src\DevicePlugInHelper.cpp">
      <Filter>src</Filter>
    </ClCompile>
    <ClCompile Include="..\..\src\DeviceTask.cpp">
      <Filter>src</Filter>
    </ClCompile>
    <ClCompile Include="..\..\src\DynamicAttribute.cpp">
      <Filter>src</Filter>
    </ClCompile>
    <ClCompile Include="..\..\src\DynamicAttributeManager.cpp">
      <Filter>src</Filter>
    </ClCompile>
    <ClCompile Include="..\..\src\DynamicCommand.cpp">
      <Filter>src</Filter>
    </ClCompile>
    <ClCompile Include="..\..\src\DynamicCommandManager.cpp">
      <Filter>src</Filter>
    </ClCompile>
    <ClCompile Include="..\..\src\EventsConsumerTask.cpp">
      <Filter>src</Filter>
    </ClCompile>
    <ClCompile Include="..\..\src\ExceptionHelper.cpp">
      <Filter>src</Filter>
    </ClCompile>
    <ClCompile Include="..\..\src\InnerAppender.cpp">
      <Filter>src</Filter>
    </ClCompile>
    <ClCompile Include="..\..\src\MonitoredAttribute.cpp">
      <Filter>src</Filter>
    </ClCompile>
    <ClCompile Include="..\..\src\MonitoredDevice.cpp">
      <Filter>src</Filter>
    </ClCompile>
    <ClCompile Include="..\..\src\MonitoredDeviceTask.cpp">
      <Filter>src</Filter>
    </ClCompile>
    <ClCompile Include="..\..\src\ThreadSafeDeviceProxy.cpp">
      <Filter>src</Filter>
    </ClCompile>
    <ClCompile Include="..\..\src\YatLogAdapter.cpp">
      <Filter>src</Filter>
    </ClCompile>
  </ItemGroup>
  <ItemGroup>
    <ClInclude Include="..\..\include\yat4tango\AttributeGroup.h">
      <Filter>include</Filter>
    </ClInclude>
    <ClInclude Include="..\..\include\yat4tango\CommonHeader.h">
      <Filter>include</Filter>
    </ClInclude>
    <ClInclude Include="..\..\include\yat4tango\DeviceInfo.h">
      <Filter>include</Filter>
    </ClInclude>
    <ClInclude Include="..\..\include\yat4tango\DevicePlugIn.h">
      <Filter>include</Filter>
    </ClInclude>
    <ClInclude Include="..\..\include\yat4tango\DevicePlugInHelper.h">
      <Filter>include</Filter>
    </ClInclude>
    <ClInclude Include="..\..\include\yat4tango\DeviceProxyHelper.h">
      <Filter>include</Filter>
    </ClInclude>
    <ClInclude Include="..\..\include\yat4tango\DeviceTask.h">
      <Filter>include</Filter>
    </ClInclude>
    <ClInclude Include="..\..\include\yat4tango\DynamicAttribute.h">
      <Filter>include</Filter>
    </ClInclude>
    <ClInclude Include="..\..\include\yat4tango\DynamicAttributeManager.h">
      <Filter>include</Filter>
    </ClInclude>
    <ClInclude Include="..\..\include\yat4tango\DynamicCommand.h">
      <Filter>include</Filter>
    </ClInclude>
    <ClInclude Include="..\..\include\yat4tango\DynamicCommandManager.h">
      <Filter>include</Filter>
    </ClInclude>
    <ClInclude Include="..\..\include\yat4tango\DynamicInterfaceManager.h">
      <Filter>include</Filter>
    </ClInclude>
    <ClInclude Include="..\..\include\yat4tango\EventsConsumerTask.h">
      <Filter>include</Filter>
    </ClInclude>
    <ClInclude Include="..\..\include\yat4tango\ExceptionHelper.h">
      <Filter>include</Filter>
    </ClInclude>
    <ClInclude Include="..\..\include\yat4tango\Export.h">
      <Filter>include</Filter>
    </ClInclude>
    <ClInclude Include="..\..\include\yat4tango\InnerAppender.h">
      <Filter>include</Filter>
    </ClInclude>
    <ClInclude Include="..\..\include\yat4tango\LogHelper.h">
      <Filter>include</Filter>
    </ClInclude>
    <ClInclude Include="..\..\include\yat4tango\MonitoredAttribute.h">
      <Filter>include</Filter>
    </ClInclude>
    <ClInclude Include="..\..\include\yat4tango\MonitoredDevice.h">
      <Filter>include</Filter>
    </ClInclude>
    <ClInclude Include="..\..\include\yat4tango\MonitoredDeviceTask.h">
      <Filter>include</Filter>
    </ClInclude>
    <ClInclude Include="..\..\include\yat4tango\PropertyHelper.h">
      <Filter>include</Filter>
    </ClInclude>
    <ClInclude Include="..\..\include\yat4tango\PropertyHelper.hpp">
      <Filter>include</Filter>
    </ClInclude>
    <ClInclude Include="..\..\include\yat4tango\ThreadSafeDeviceProxy.h">
      <Filter>include</Filter>
    </ClInclude>
    <ClInclude Include="..\..\include\yat4tango\ThreadSafeDeviceProxyHelper.h">
      <Filter>include</Filter>
    </ClInclude>
    <ClInclude Include="..\..\include\yat4tango\Types.h">
      <Filter>include</Filter>
    </ClInclude>
    <ClInclude Include="..\..\include\yat4tango\UndefDebugStream.h">
      <Filter>include</Filter>
    </ClInclude>
    <ClInclude Include="..\..\include\yat4tango\yat4tango.h">
      <Filter>include</Filter>
    </ClInclude>
    <ClInclude Include="..\..\include\yat4tango\YatLogAdapter.h">
      <Filter>include</Filter>
    </ClInclude>
  </ItemGroup>
  <ItemGroup>
    <None Include="..\..\include\yat4tango\DeviceTask.i">
      <Filter>include</Filter>
    </None>
    <None Include="..\..\include\yat4tango\ThreadSafeDeviceProxy.i">
      <Filter>include</Filter>
    </None>
  </ItemGroup>
</Project>